
Microsoft Visual Studio Solution File, Format Version 12.00
# Visual Studio Version 16
VisualStudioVersion = 16.0.29230.61
MinimumVisualStudioVersion = 10.0.40219.1
Project("{9A19103F-16F7-4668-BE54-9A1E7A4F7556}") = "NetCore5.0TestApplication", "NetCore5.0TestApplication\NetCore5.0TestApplication.csproj", "{61342BC2-8124-498F-AF5E-8D1021B53B86}"
EndProject
Project("{FAE04EC0-301F-11D3-BF4B-00C04F79EFBC}") = "NetCore5.0TestLibrary", "NetCore5.0TestLibrary\NetCore5.0TestLibrary.csproj", "{DA1CBC0F-C904-4C88-AA7D-83AFA718252E}"
EndProject
Global
	GlobalSection(SolutionConfigurationPlatforms) = preSolution
		Debug|Any CPU = Debug|Any CPU
		Release|Any CPU = Release|Any CPU
	EndGlobalSection
	GlobalSection(ProjectConfigurationPlatforms) = postSolution
		{61342BC2-8124-498F-AF5E-8D1021B53B86}.Debug|Any CPU.ActiveCfg = Debug|Any CPU
		{61342BC2-8124-498F-AF5E-8D1021B53B86}.Debug|Any CPU.Build.0 = Debug|Any CPU
		{61342BC2-8124-498F-AF5E-8D1021B53B86}.Release|Any CPU.ActiveCfg = Release|Any CPU
		{61342BC2-8124-498F-AF5E-8D1021B53B86}.Release|Any CPU.Build.0 = Release|Any CPU
		{DA1CBC0F-C904-4C88-AA7D-83AFA718252E}.Debug|Any CPU.ActiveCfg = Debug|Any CPU
		{DA1CBC0F-C904-4C88-AA7D-83AFA718252E}.Debug|Any CPU.Build.0 = Debug|Any CPU
		{DA1CBC0F-C904-4C88-AA7D-83AFA718252E}.Release|Any CPU.ActiveCfg = Release|Any CPU
		{DA1CBC0F-C904-4C88-AA7D-83AFA718252E}.Release|Any CPU.Build.0 = Release|Any CPU
	EndGlobalSection
	GlobalSection(SolutionProperties) = preSolution
		HideSolutionNode = FALSE
	EndGlobalSection
	GlobalSection(ExtensibilityGlobals) = postSolution
		SolutionGuid = {35640C46-7064-48A0-A03D-5B4922D32A30}
	EndGlobalSection
EndGlobal
